
Microsoft Visual Studio Solution File, Format Version 12.00
# Visual Studio Version 17
VisualStudioVersion = 17.2.32526.322
MinimumVisualStudioVersion = 10.0.40219.1
Project("{FAE04EC0-301F-11D3-BF4B-00C04F79EFBC}") = "StaticExtension", "StaticExtension\StaticExtension.csproj", "{12A50FD1-E55D-42DE-AF0F-67806E73A91F}"
EndProject
Global
	GlobalSection(SolutionConfigurationPlatforms) = preSolution
		Debug|Any CPU = Debug|Any CPU
		Release|Any CPU = Release|Any CPU
	EndGlobalSection
	GlobalSection(ProjectConfigurationPlatforms) = postSolution
		{12A50FD1-E55D-42DE-AF0F-67806E73A91F}.Debug|Any CPU.ActiveCfg = Debug|Any CPU
		{12A50FD1-E55D-42DE-AF0F-67806E73A91F}.Debug|Any CPU.Build.0 = Debug|Any CPU
		{12A50FD1-E55D-42DE-AF0F-67806E73A91F}.Release|Any CPU.ActiveCfg = Release|Any CPU
		{12A50FD1-E55D-42DE-AF0F-67806E73A91F}.Release|Any CPU.Build.0 = Release|Any CPU
	EndGlobalSection
	GlobalSection(SolutionProperties) = preSolution
		HideSolutionNode = FALSE
	EndGlobalSection
	GlobalSection(ExtensibilityGlobals) = postSolution
		SolutionGuid = {7BBA8115-F903-44DF-AA71-432B833C4203}
	EndGlobalSection
EndGlobal
