
Microsoft Visual Studio Solution File, Format Version 12.00
# Visual Studio Version 17
VisualStudioVersion = 17.2.32526.322
MinimumVisualStudioVersion = 10.0.40219.1
Project("{FAE04EC0-301F-11D3-BF4B-00C04F79EFBC}") = "StructEnumIndexer", "StructEnumIndexer\StructEnumIndexer.csproj", "{7A413A3B-DF31-4EF0-8906-C57C7CE5BCD2}"
EndProject
Global
	GlobalSection(SolutionConfigurationPlatforms) = preSolution
		Debug|Any CPU = Debug|Any CPU
		Release|Any CPU = Release|Any CPU
	EndGlobalSection
	GlobalSection(ProjectConfigurationPlatforms) = postSolution
		{7A413A3B-DF31-4EF0-8906-C57C7CE5BCD2}.Debug|Any CPU.ActiveCfg = Debug|Any CPU
		{7A413A3B-DF31-4EF0-8906-C57C7CE5BCD2}.Debug|Any CPU.Build.0 = Debug|Any CPU
		{7A413A3B-DF31-4EF0-8906-C57C7CE5BCD2}.Release|Any CPU.ActiveCfg = Release|Any CPU
		{7A413A3B-DF31-4EF0-8906-C57C7CE5BCD2}.Release|Any CPU.Build.0 = Release|Any CPU
	EndGlobalSection
	GlobalSection(SolutionProperties) = preSolution
		HideSolutionNode = FALSE
	EndGlobalSection
	GlobalSection(ExtensibilityGlobals) = postSolution
		SolutionGuid = {6242D5BB-027D-4708-A58C-D2EC992C4E62}
	EndGlobalSection
EndGlobal
