
Microsoft Visual Studio Solution File, Format Version 12.00
# Visual Studio Version 17
VisualStudioVersion = 17.2.32526.322
MinimumVisualStudioVersion = 10.0.40219.1
Project("{FAE04EC0-301F-11D3-BF4B-00C04F79EFBC}") = "ThreadTask", "ThreadTask\ThreadTask.csproj", "{E3011826-6626-4F6F-B867-D3E59872576C}"
EndProject
Global
	GlobalSection(SolutionConfigurationPlatforms) = preSolution
		Debug|Any CPU = Debug|Any CPU
		Release|Any CPU = Release|Any CPU
	EndGlobalSection
	GlobalSection(ProjectConfigurationPlatforms) = postSolution
		{E3011826-6626-4F6F-B867-D3E59872576C}.Debug|Any CPU.ActiveCfg = Debug|Any CPU
		{E3011826-6626-4F6F-B867-D3E59872576C}.Debug|Any CPU.Build.0 = Debug|Any CPU
		{E3011826-6626-4F6F-B867-D3E59872576C}.Release|Any CPU.ActiveCfg = Release|Any CPU
		{E3011826-6626-4F6F-B867-D3E59872576C}.Release|Any CPU.Build.0 = Release|Any CPU
	EndGlobalSection
	GlobalSection(SolutionProperties) = preSolution
		HideSolutionNode = FALSE
	EndGlobalSection
	GlobalSection(ExtensibilityGlobals) = postSolution
		SolutionGuid = {53490922-6AB5-4005-8791-EBB60E2CDF4B}
	EndGlobalSection
EndGlobal
